
Microsoft Visual Studio Solution File, Format Version 12.00
Project("{FAE04EC0-301F-11D3-BF4B-00C04F79EFBC}") = "pv-projekt-2", "pv-projekt-2\pv-projekt-2.csproj", "{0837AFA2-BE85-4D5C-BAC5-CC03830729BA}"
EndProject
Project("{FAE04EC0-301F-11D3-BF4B-00C04F79EFBC}") = "tests", "tests\tests.csproj", "{C7B3F0BE-D5BD-4845-AB68-DB1DFC86A664}"
EndProject
Global
	GlobalSection(SolutionConfigurationPlatforms) = preSolution
		Debug|Any CPU = Debug|Any CPU
		Release|Any CPU = Release|Any CPU
	EndGlobalSection
	GlobalSection(ProjectConfigurationPlatforms) = postSolution
		{0837AFA2-BE85-4D5C-BAC5-CC03830729BA}.Debug|Any CPU.ActiveCfg = Debug|Any CPU
		{0837AFA2-BE85-4D5C-BAC5-CC03830729BA}.Debug|Any CPU.Build.0 = Debug|Any CPU
		{0837AFA2-BE85-4D5C-BAC5-CC03830729BA}.Release|Any CPU.ActiveCfg = Release|Any CPU
		{0837AFA2-BE85-4D5C-BAC5-CC03830729BA}.Release|Any CPU.Build.0 = Release|Any CPU
		{C7B3F0BE-D5BD-4845-AB68-DB1DFC86A664}.Debug|Any CPU.ActiveCfg = Debug|Any CPU
		{C7B3F0BE-D5BD-4845-AB68-DB1DFC86A664}.Debug|Any CPU.Build.0 = Debug|Any CPU
		{C7B3F0BE-D5BD-4845-AB68-DB1DFC86A664}.Release|Any CPU.ActiveCfg = Release|Any CPU
		{C7B3F0BE-D5BD-4845-AB68-DB1DFC86A664}.Release|Any CPU.Build.0 = Release|Any CPU
	EndGlobalSection
EndGlobal
